# This file is automatically @generated by Cargo.
# It is not intended for manual editing.
version = 4

[[package]]
name = "dfang"
version = "0.3.0"
source = "git+https://github.com/PatrickTulskie/dfang#f0c207300306523fae1560a68e07715833c7e051"

[[package]]
name = "dfang-wasm"
version = "0.1.0"
dependencies = [
 "dfang",
 "rfang",
]

[[package]]
name = "rfang"
version = "0.3.0"
source = "git+https://github.com/PatrickTulskie/dfang#f0c207300306523fae1560a68e07715833c7e051"
